// !$*UTF8*$!
{
	archiveVersion = 1;
	classes = {
	};
	objectVersion = 77;
	objects = {

/* Begin PBXBuildFile section */
		298A2ADF2F94493000F74DFE /* ProductTableViewCell.swift in Sources */ = {isa = PBXBuildFile; fileRef = 298A2ADE2F94491900F74DFE /* ProductTableViewCell.swift */; };
		298A2AE12F945A3700F74DFE /* CartItem.swift in Sources */ = {isa = PBXBuildFile; fileRef = 298A2AE02F945A3200F74DFE /* CartItem.swift */; };
		298A2AE42F945A8700F74DFE /* CartManager.swift in Sources */ = {isa = PBXBuildFile; fileRef = 298A2AE32F945A7D00F74DFE /* CartManager.swift */; };
		298A2AE62F945C1100F74DFE /* CartItemTableViewCell.swift in Sources */ = {isa = PBXBuildFile; fileRef = 298A2AE52F945C1100F74DFE /* CartItemTableViewCell.swift */; };
		298A2AE82F94640C00F74DFE /* SeguimientoViewController.swift in Sources */ = {isa = PBXBuildFile; fileRef = 298A2AE72F94640000F74DFE /* SeguimientoViewController.swift */; };
		298A2AEB2F94696400F74DFE /* RegristroProductoViewController.swift in Sources */ = {isa = PBXBuildFile; fileRef = 298A2AEA2F94694D00F74DFE /* RegristroProductoViewController.swift */; };
		298A2AED2F946CF000F74DFE /* MisProductosViewController.swift in Sources */ = {isa = PBXBuildFile; fileRef = 298A2AEC2F946CDE00F74DFE /* MisProductosViewController.swift */; };
		298A2AEF2F946D1500F74DFE /* ProductManagmentCell.swift in Sources */ = {isa = PBXBuildFile; fileRef = 298A2AEE2F946D0E00F74DFE /* ProductManagmentCell.swift */; };
		298A2AF12F94889000F74DFE /* UserRole.swift in Sources */ = {isa = PBXBuildFile; fileRef = 298A2AF02F94886700F74DFE /* UserRole.swift */; };
		298A2AF32F9488FC00F74DFE /* HsitorialViewController.swift in Sources */ = {isa = PBXBuildFile; fileRef = 298A2AF22F9488EF00F74DFE /* HsitorialViewController.swift */; };
		298A2AF52F948CA600F74DFE /* LoginViewController.swift in Sources */ = {isa = PBXBuildFile; fileRef = 298A2AF42F948C9F00F74DFE /* LoginViewController.swift */; };
		298A2AF72F94913B00F74DFE /* RegistroUsuarioViewController.swift in Sources */ = {isa = PBXBuildFile; fileRef = 298A2AF62F94913200F74DFE /* RegistroUsuarioViewController.swift */; };
		2991D1982F95B65B009AC885 /* ConfirmacionPagoViewController.swift in Sources */ = {isa = PBXBuildFile; fileRef = 2991D1972F95B651009AC885 /* ConfirmacionPagoViewController.swift */; };
		B53939FF2F91A2BC002214DA /* Healthy.xcdatamodeld in Sources */ = {isa = PBXBuildFile; fileRef = B53939FD2F91A2BC002214DA /* Healthy.xcdatamodeld */; };
		B5393A062F91AB15002214DA /* PersistanceController.swift in Sources */ = {isa = PBXBuildFile; fileRef = B5393A042F91AA84002214DA /* PersistanceController.swift */; };
		B5393A092F91AC59002214DA /* CarritoViewController.swift in Sources */ = {isa = PBXBuildFile; fileRef = B5393A082F91AB6B002214DA /* CarritoViewController.swift */; };
		B5393A0A2F91AC5E002214DA /* CatalogoViewController.swift in Sources */ = {isa = PBXBuildFile; fileRef = B5393A072F91AB1A002214DA /* CatalogoViewController.swift */; };
		B5393A0B2F91AC63002214DA /* Order.swift in Sources */ = {isa = PBXBuildFile; fileRef = B53939FC2F91A242002214DA /* Order.swift */; };
		B5393A0C2F91AC69002214DA /* Product.swift in Sources */ = {isa = PBXBuildFile; fileRef = B53939FB2F91A225002214DA /* Product.swift */; };
		B5393A0D2F91AC6D002214DA /* User.swift in Sources */ = {isa = PBXBuildFile; fileRef = B53939FA2F91A205002214DA /* User.swift */; };
/* End PBXBuildFile section */

/* Begin PBXFileReference section */
		298A2ADE2F94491900F74DFE /* ProductTableViewCell.swift */ = {isa = PBXFileReference; lastKnownFileType = sourcecode.swift; path = ProductTableViewCell.swift; sourceTree = "<group>"; };
		298A2AE02F945A3200F74DFE /* CartItem.swift */ = {isa = PBXFileReference; lastKnownFileType = sourcecode.swift; path = CartItem.swift; sourceTree = "<group>"; };
		298A2AE32F945A7D00F74DFE /* CartManager.swift */ = {isa = PBXFileReference; lastKnownFileType = sourcecode.swift; path = CartManager.swift; sourceTree = "<group>"; };
		298A2AE52F945C1100F74DFE /* CartItemTableViewCell.swift */ = {isa = PBXFileReference; lastKnownFileType = sourcecode.swift; path = CartItemTableViewCell.swift; sourceTree = "<group>"; };
		298A2AE72F94640000F74DFE /* SeguimientoViewController.swift */ = {isa = PBXFileReference; lastKnownFileType = sourcecode.swift; path = SeguimientoViewController.swift; sourceTree = "<group>"; };
		298A2AEA2F94694D00F74DFE /* RegristroProductoViewController.swift */ = {isa = PBXFileReference; lastKnownFileType = sourcecode.swift; path = RegristroProductoViewController.swift; sourceTree = "<group>"; };
		298A2AEC2F946CDE00F74DFE /* MisProductosViewController.swift */ = {isa = PBXFileReference; lastKnownFileType = sourcecode.swift; path = MisProductosViewController.swift; sourceTree = "<group>"; };
		298A2AEE2F946D0E00F74DFE /* ProductManagmentCell.swift */ = {isa = PBXFileReference; lastKnownFileType = sourcecode.swift; path = ProductManagmentCell.swift; sourceTree = "<group>"; };
		298A2AF02F94886700F74DFE /* UserRole.swift */ = {isa = PBXFileReference; lastKnownFileType = sourcecode.swift; path = UserRole.swift; sourceTree = "<group>"; };
		298A2AF22F9488EF00F74DFE /* HsitorialViewController.swift */ = {isa = PBXFileReference; lastKnownFileType = sourcecode.swift; path = HsitorialViewController.swift; sourceTree = "<group>"; };
		298A2AF42F948C9F00F74DFE /* LoginViewController.swift */ = {isa = PBXFileReference; lastKnownFileType = sourcecode.swift; path = LoginViewController.swift; sourceTree = "<group>"; };
		298A2AF62F94913200F74DFE /* RegistroUsuarioViewController.swift */ = {isa = PBXFileReference; lastKnownFileType = sourcecode.swift; path = RegistroUsuarioViewController.swift; sourceTree = "<group>"; };
		2991D1972F95B651009AC885 /* ConfirmacionPagoViewController.swift */ = {isa = PBXFileReference; lastKnownFileType = sourcecode.swift; path = ConfirmacionPagoViewController.swift; sourceTree = "<group>"; };
		B53939E12F91A127002214DA /* HealthyGO.app */ = {isa = PBXFileReference; explicitFileType = wrapper.application; includeInIndex = 0; path = HealthyGO.app; sourceTree = BUILT_PRODUCTS_DIR; };
		B53939FA2F91A205002214DA /* User.swift */ = {isa = PBXFileReference; lastKnownFileType = sourcecode.swift; path = User.swift; sourceTree = "<group>"; };
		B53939FB2F91A225002214DA /* Product.swift */ = {isa = PBXFileReference; lastKnownFileType = sourcecode.swift; path = Product.swift; sourceTree = "<group>"; };
		B53939FC2F91A242002214DA /* Order.swift */ = {isa = PBXFileReference; lastKnownFileType = sourcecode.swift; path = Order.swift; sourceTree = "<group>"; };
		B53939FE2F91A2BC002214DA /* Healthy.xcdatamodel */ = {isa = PBXFileReference; lastKnownFileType = wrapper.xcdatamodel; path = Healthy.xcdatamodel; sourceTree = "<group>"; };
		B5393A042F91AA84002214DA /* PersistanceController.swift */ = {isa = PBXFileReference; lastKnownFileType = sourcecode.swift; path = PersistanceController.swift; sourceTree = "<group>"; };
		B5393A072F91AB1A002214DA /* CatalogoViewController.swift */ = {isa = PBXFileReference; lastKnownFileType = sourcecode.swift; path = CatalogoViewController.swift; sourceTree = "<group>"; };
		B5393A082F91AB6B002214DA /* CarritoViewController.swift */ = {isa = PBXFileReference; lastKnownFileType = sourcecode.swift; path = CarritoViewController.swift; sourceTree = "<group>"; };
/* End PBXFileReference section */

/* Begin PBXFileSystemSynchronizedBuildFileExceptionSet section */
		B53939F32F91A128002214DA /* Exceptions for "HealthyGO" folder in "HealthyGO" target */ = {
			isa = PBXFileSystemSynchronizedBuildFileExceptionSet;
			membershipExceptions = (
				Info.plist,
			);
			target = B53939E02F91A127002214DA /* HealthyGO */;
		};
/* End PBXFileSystemSynchronizedBuildFileExceptionSet section */

/* Begin PBXFileSystemSynchronizedRootGroup section */
		B53939E32F91A127002214DA /* HealthyGO */ = {
			isa = PBXFileSystemSynchronizedRootGroup;
			exceptions = (
				B53939F32F91A128002214DA /* Exceptions for "HealthyGO" folder in "HealthyGO" target */,
			);
			path = HealthyGO;
			sourceTree = "<group>";
		};
/* End PBXFileSystemSynchronizedRootGroup section */

/* Begin PBXFrameworksBuildPhase section */
		B53939DE2F91A127002214DA /* Frameworks */ = {
			isa = PBXFrameworksBuildPhase;
			buildActionMask = 2147483647;
			files = (
			);
			runOnlyForDeploymentPostprocessing = 0;
		};
/* End PBXFrameworksBuildPhase section */

/* Begin PBXGroup section */
		298A2ADD2F9448E300F74DFE /* Views */ = {
			isa = PBXGroup;
			children = (
				298A2AEE2F946D0E00F74DFE /* ProductManagmentCell.swift */,
				298A2AE52F945C1100F74DFE /* CartItemTableViewCell.swift */,
				298A2ADE2F94491900F74DFE /* ProductTableViewCell.swift */,
			);
			path = Views;
			sourceTree = "<group>";
		};
		298A2AE22F945A6900F74DFE /* Helpers */ = {
			isa = PBXGroup;
			children = (
				298A2AE32F945A7D00F74DFE /* CartManager.swift */,
			);
			path = Helpers;
			sourceTree = "<group>";
		};
		B53939D82F91A127002214DA = {
			isa = PBXGroup;
			children = (
				298A2AE22F945A6900F74DFE /* Helpers */,
				298A2ADD2F9448E300F74DFE /* Views */,
				B5393A052F91AB0B002214DA /* Controller */,
				B5393A032F91AA50002214DA /* ViewController */,
				B53939F92F91A1D6002214DA /* Models */,
				B53939E32F91A127002214DA /* HealthyGO */,
				B53939E22F91A127002214DA /* Products */,
			);
			sourceTree = "<group>";
		};
		B53939E22F91A127002214DA /* Products */ = {
			isa = PBXGroup;
			children = (
				B53939E12F91A127002214DA /* HealthyGO.app */,
			);
			name = Products;
			sourceTree = "<group>";
		};
		B53939F92F91A1D6002214DA /* Models */ = {
			isa = PBXGroup;
			children = (
				298A2AF02F94886700F74DFE /* UserRole.swift */,
				298A2AE02F945A3200F74DFE /* CartItem.swift */,
				B53939FC2F91A242002214DA /* Order.swift */,
				B53939FB2F91A225002214DA /* Product.swift */,
				B53939FA2F91A205002214DA /* User.swift */,
				B53939FD2F91A2BC002214DA /* Healthy.xcdatamodeld */,
			);
			path = Models;
			sourceTree = "<group>";
		};
		B5393A032F91AA50002214DA /* ViewController */ = {
			isa = PBXGroup;
			children = (
				2991D1972F95B651009AC885 /* ConfirmacionPagoViewController.swift */,
				298A2AF62F94913200F74DFE /* RegistroUsuarioViewController.swift */,
				298A2AF42F948C9F00F74DFE /* LoginViewController.swift */,
				298A2AF22F9488EF00F74DFE /* HsitorialViewController.swift */,
				298A2AEC2F946CDE00F74DFE /* MisProductosViewController.swift */,
				298A2AEA2F94694D00F74DFE /* RegristroProductoViewController.swift */,
				298A2AE72F94640000F74DFE /* SeguimientoViewController.swift */,
				B5393A082F91AB6B002214DA /* CarritoViewController.swift */,
				B5393A072F91AB1A002214DA /* CatalogoViewController.swift */,
			);
			path = ViewController;
			sourceTree = "<group>";
		};
		B5393A052F91AB0B002214DA /* Controller */ = {
			isa = PBXGroup;
			children = (
				B5393A042F91AA84002214DA /* PersistanceController.swift */,
			);
			path = Controller;
			sourceTree = "<group>";
		};
/* End PBXGroup section */

/* Begin PBXNativeTarget section */
		B53939E02F91A127002214DA /* HealthyGO */ = {
			isa = PBXNativeTarget;
			buildConfigurationList = B53939F42F91A128002214DA /* Build configuration list for PBXNativeTarget "HealthyGO" */;
			buildPhases = (
				B53939DD2F91A127002214DA /* Sources */,
				B53939DE2F91A127002214DA /* Frameworks */,
				B53939DF2F91A127002214DA /* Resources */,
			);
			buildRules = (
			);
			dependencies = (
			);
			fileSystemSynchronizedGroups = (
				B53939E32F91A127002214DA /* HealthyGO */,
			);
			name = HealthyGO;
			packageProductDependencies = (
			);
			productName = HealthyGO;
			productReference = B53939E12F91A127002214DA /* HealthyGO.app */;
			productType = "com.apple.product-type.application";
		};
/* End PBXNativeTarget section */

/* Begin PBXProject section */
		B53939D92F91A127002214DA /* Project object */ = {
			isa = PBXProject;
			attributes = {
				BuildIndependentTargetsInParallel = 1;
				LastSwiftUpdateCheck = 2630;
				LastUpgradeCheck = 2630;
				TargetAttributes = {
					B53939E02F91A127002214DA = {
						CreatedOnToolsVersion = 26.3;
					};
				};
			};
			buildConfigurationList = B53939DC2F91A127002214DA /* Build configuration list for PBXProject "HealthyGO" */;
			developmentRegion = en;
			hasScannedForEncodings = 0;
			knownRegions = (
				en,
				Base,
			);
			mainGroup = B53939D82F91A127002214DA;
			minimizedProjectReferenceProxies = 1;
			preferredProjectObjectVersion = 77;
			productRefGroup = B53939E22F91A127002214DA /* Products */;
			projectDirPath = "";
			projectRoot = "";
			targets = (
				B53939E02F91A127002214DA /* HealthyGO */,
			);
		};
/* End PBXProject section */

/* Begin PBXResourcesBuildPhase section */
		B53939DF2F91A127002214DA /* Resources */ = {
			isa = PBXResourcesBuildPhase;
			buildActionMask = 2147483647;
			files = (
			);
			runOnlyForDeploymentPostprocessing = 0;
		};
/* End PBXResourcesBuildPhase section */

/* Begin PBXSourcesBuildPhase section */
		B53939DD2F91A127002214DA /* Sources */ = {
			isa = PBXSourcesBuildPhase;
			buildActionMask = 2147483647;
			files = (
				298A2AF52F948CA600F74DFE /* LoginViewController.swift in Sources */,
				298A2AEB2F94696400F74DFE /* RegristroProductoViewController.swift in Sources */,
				B5393A062F91AB15002214DA /* PersistanceController.swift in Sources */,
				298A2AE42F945A8700F74DFE /* CartManager.swift in Sources */,
				2991D1982F95B65B009AC885 /* ConfirmacionPagoViewController.swift in Sources */,
				B5393A092F91AC59002214DA /* CarritoViewController.swift in Sources */,
				B5393A0C2F91AC69002214DA /* Product.swift in Sources */,
				B5393A0B2F91AC63002214DA /* Order.swift in Sources */,
				298A2AF32F9488FC00F74DFE /* HsitorialViewController.swift in Sources */,
				B5393A0A2F91AC5E002214DA /* CatalogoViewController.swift in Sources */,
				298A2AE82F94640C00F74DFE /* SeguimientoViewController.swift in Sources */,
				298A2AED2F946CF000F74DFE /* MisProductosViewController.swift in Sources */,
				298A2ADF2F94493000F74DFE /* ProductTableViewCell.swift in Sources */,
				B5393A0D2F91AC6D002214DA /* User.swift in Sources */,
				298A2AE62F945C1100F74DFE /* CartItemTableViewCell.swift in Sources */,
				298A2AE12F945A3700F74DFE /* CartItem.swift in Sources */,
				298A2AF72F94913B00F74DFE /* RegistroUsuarioViewController.swift in Sources */,
				298A2AF12F94889000F74DFE /* UserRole.swift in Sources */,
				298A2AEF2F946D1500F74DFE /* ProductManagmentCell.swift in Sources */,
				B53939FF2F91A2BC002214DA /* Healthy.xcdatamodeld in Sources */,
			);
			runOnlyForDeploymentPostprocessing = 0;
		};
/* End PBXSourcesBuildPhase section */

/* Begin XCBuildConfiguration section */
		B53939F52F91A128002214DA /* Debug */ = {
			isa = XCBuildConfiguration;
			buildSettings = {
				ASSETCATALOG_COMPILER_APPICON_NAME = AppIcon;
				ASSETCATALOG_COMPILER_GLOBAL_ACCENT_COLOR_NAME = AccentColor;
				CODE_SIGN_STYLE = Automatic;
				CURRENT_PROJECT_VERSION = 1;
				GENERATE_INFOPLIST_FILE = YES;
				INFOPLIST_FILE = HealthyGO/Info.plist;
				INFOPLIST_KEY_UIApplicationSupportsIndirectInputEvents = YES;
				INFOPLIST_KEY_UILaunchStoryboardName = LaunchScreen;
				INFOPLIST_KEY_UIMainStoryboardFile = "";
				INFOPLIST_KEY_UISupportedInterfaceOrientations_iPad = "UIInterfaceOrientationPortrait UIInterfaceOrientationPortraitUpsideDown UIInterfaceOrientationLandscapeLeft UIInterfaceOrientationLandscapeRight";
				INFOPLIST_KEY_UISupportedInterfaceOrientations_iPhone = "UIInterfaceOrientationPortrait UIInterfaceOrientationLandscapeLeft UIInterfaceOrientationLandscapeRight";
				LD_RUNPATH_SEARCH_PATHS = (
					"$(inherited)",
					"@executable_path/Frameworks",
				);
				MARKETING_VERSION = 1.0;
				PRODUCT_BUNDLE_IDENTIFIER = com.healthygo.HealthyGO;
				PRODUCT_NAME = "$(TARGET_NAME)";
				STRING_CATALOG_GENERATE_SYMBOLS = YES;
				SWIFT_APPROACHABLE_CONCURRENCY = YES;
				SWIFT_DEFAULT_ACTOR_ISOLATION = MainActor;
				SWIFT_EMIT_LOC_STRINGS = YES;
				SWIFT_UPCOMING_FEATURE_MEMBER_IMPORT_VISIBILITY = YES;
				SWIFT_VERSION = 5.0;
				TARGETED_DEVICE_FAMILY = "1,2";
			};
			name = Debug;
		};
		B53939F62F91A128002214DA /* Release */ = {
			isa = XCBuildConfiguration;
			buildSettings = {
				ASSETCATALOG_COMPILER_APPICON_NAME = AppIcon;
				ASSETCATALOG_COMPILER_GLOBAL_ACCENT_COLOR_NAME = AccentColor;
				CODE_SIGN_STYLE = Automatic;
				CURRENT_PROJECT_VERSION = 1;
				GENERATE_INFOPLIST_FILE = YES;
				INFOPLIST_FILE = HealthyGO/Info.plist;
				INFOPLIST_KEY_UIApplicationSupportsIndirectInputEvents = YES;
				INFOPLIST_KEY_UILaunchStoryboardName = LaunchScreen;
				INFOPLIST_KEY_UIMainStoryboardFile = "";
				INFOPLIST_KEY_UISupportedInterfaceOrientations_iPad = "UIInterfaceOrientationPortrait UIInterfaceOrientationPortraitUpsideDown UIInterfaceOrientationLandscapeLeft UIInterfaceOrientationLandscapeRight";
				INFOPLIST_KEY_UISupportedInterfaceOrientations_iPhone = "UIInterfaceOrientationPortrait UIInterfaceOrientationLandscapeLeft UIInterfaceOrientationLandscapeRight";
				LD_RUNPATH_SEARCH_PATHS = (
					"$(inherited)",
					"@executable_path/Frameworks",
				);
				MARKETING_VERSION = 1.0;
				PRODUCT_BUNDLE_IDENTIFIER = com.healthygo.HealthyGO;
				PRODUCT_NAME = "$(TARGET_NAME)";
				STRING_CATALOG_GENERATE_SYMBOLS = YES;
				SWIFT_APPROACHABLE_CONCURRENCY = YES;
				SWIFT_DEFAULT_ACTOR_ISOLATION = MainActor;
				SWIFT_EMIT_LOC_STRINGS = YES;
				SWIFT_UPCOMING_FEATURE_MEMBER_IMPORT_VISIBILITY = YES;
				SWIFT_VERSION = 5.0;
				TARGETED_DEVICE_FAMILY = "1,2";
			};
			name = Release;
		};
		B53939F72F91A128002214DA /* Debug */ = {
			isa = XCBuildConfiguration;
			buildSettings = {
				ALWAYS_SEARCH_USER_PATHS = NO;
				ASSETCATALOG_COMPILER_GENERATE_SWIFT_ASSET_SYMBOL_EXTENSIONS = YES;
				CLANG_ANALYZER_NONNULL = YES;
				CLANG_ANALYZER_NUMBER_OBJECT_CONVERSION = YES_AGGRESSIVE;
				CLANG_CXX_LANGUAGE_STANDARD = "gnu++20";
				CLANG_ENABLE_MODULES = YES;
				CLANG_ENABLE_OBJC_ARC = YES;
				CLANG_ENABLE_OBJC_WEAK = YES;
				CLANG_WARN_BLOCK_CAPTURE_AUTORELEASING = YES;
				CLANG_WARN_BOOL_CONVERSION = YES;
				CLANG_WARN_COMMA = YES;
				CLANG_WARN_CONSTANT_CONVERSION = YES;
				CLANG_WARN_DEPRECATED_OBJC_IMPLEMENTATIONS = YES;
				CLANG_WARN_DIRECT_OBJC_ISA_USAGE = YES_ERROR;
				CLANG_WARN_DOCUMENTATION_COMMENTS = YES;
				CLANG_WARN_EMPTY_BODY = YES;
				CLANG_WARN_ENUM_CONVERSION = YES;
				CLANG_WARN_INFINITE_RECURSION = YES;
				CLANG_WARN_INT_CONVERSION = YES;
				CLANG_WARN_NON_LITERAL_NULL_CONVERSION = YES;
				CLANG_WARN_OBJC_IMPLICIT_RETAIN_SELF = YES;
				CLANG_WARN_OBJC_LITERAL_CONVERSION = YES;
				CLANG_WARN_OBJC_ROOT_CLASS = YES_ERROR;
				CLANG_WARN_QUOTED_INCLUDE_IN_FRAMEWORK_HEADER = YES;
				CLANG_WARN_RANGE_LOOP_ANALYSIS = YES;
				CLANG_WARN_STRICT_PROTOTYPES = YES;
				CLANG_WARN_SUSPICIOUS_MOVE = YES;
				CLANG_WARN_UNGUARDED_AVAILABILITY = YES_AGGRESSIVE;
				CLANG_WARN_UNREACHABLE_CODE = YES;
				CLANG_WARN__DUPLICATE_METHOD_MATCH = YES;
				COPY_PHASE_STRIP = NO;
				DEBUG_INFORMATION_FORMAT = dwarf;
				ENABLE_STRICT_OBJC_MSGSEND = YES;
				ENABLE_TESTABILITY = YES;
				ENABLE_USER_SCRIPT_SANDBOXING = YES;
				GCC_C_LANGUAGE_STANDARD = gnu17;
				GCC_DYNAMIC_NO_PIC = NO;
				GCC_NO_COMMON_BLOCKS = YES;
				GCC_OPTIMIZATION_LEVEL = 0;
				GCC_PREPROCESSOR_DEFINITIONS = (
					"DEBUG=1",
					"$(inherited)",
				);
				GCC_WARN_64_TO_32_BIT_CONVERSION = YES;
				GCC_WARN_ABOUT_RETURN_TYPE = YES_ERROR;
				GCC_WARN_UNDECLARED_SELECTOR = YES;
				GCC_WARN_UNINITIALIZED_AUTOS = YES_AGGRESSIVE;
				GCC_WARN_UNUSED_FUNCTION = YES;
				GCC_WARN_UNUSED_VARIABLE = YES;
				IPHONEOS_DEPLOYMENT_TARGET = 26.2;
				LOCALIZATION_PREFERS_STRING_CATALOGS = YES;
				MTL_ENABLE_DEBUG_INFO = INCLUDE_SOURCE;
				MTL_FAST_MATH = YES;
				ONLY_ACTIVE_ARCH = YES;
				SDKROOT = iphoneos;
				SWIFT_ACTIVE_COMPILATION_CONDITIONS = "DEBUG $(inherited)";
				SWIFT_OPTIMIZATION_LEVEL = "-Onone";
			};
			name = Debug;
		};
		B53939F82F91A128002214DA /* Release */ = {
			isa = XCBuildConfiguration;
			buildSettings = {
				ALWAYS_SEARCH_USER_PATHS = NO;
				ASSETCATALOG_COMPILER_GENERATE_SWIFT_ASSET_SYMBOL_EXTENSIONS = YES;
				CLANG_ANALYZER_NONNULL = YES;
				CLANG_ANALYZER_NUMBER_OBJECT_CONVERSION = YES_AGGRESSIVE;
				CLANG_CXX_LANGUAGE_STANDARD = "gnu++20";
				CLANG_ENABLE_MODULES = YES;
				CLANG_ENABLE_OBJC_ARC = YES;
				CLANG_ENABLE_OBJC_WEAK = YES;
				CLANG_WARN_BLOCK_CAPTURE_AUTORELEASING = YES;
				CLANG_WARN_BOOL_CONVERSION = YES;
				CLANG_WARN_COMMA = YES;
				CLANG_WARN_CONSTANT_CONVERSION = YES;
				CLANG_WARN_DEPRECATED_OBJC_IMPLEMENTATIONS = YES;
				CLANG_WARN_DIRECT_OBJC_ISA_USAGE = YES_ERROR;
				CLANG_WARN_DOCUMENTATION_COMMENTS = YES;
				CLANG_WARN_EMPTY_BODY = YES;
				CLANG_WARN_ENUM_CONVERSION = YES;
				CLANG_WARN_INFINITE_RECURSION = YES;
				CLANG_WARN_INT_CONVERSION = YES;
				CLANG_WARN_NON_LITERAL_NULL_CONVERSION = YES;
				CLANG_WARN_OBJC_IMPLICIT_RETAIN_SELF = YES;
				CLANG_WARN_OBJC_LITERAL_CONVERSION = YES;
				CLANG_WARN_OBJC_ROOT_CLASS = YES_ERROR;
				CLANG_WARN_QUOTED_INCLUDE_IN_FRAMEWORK_HEADER = YES;
				CLANG_WARN_RANGE_LOOP_ANALYSIS = YES;
				CLANG_WARN_STRICT_PROTOTYPES = YES;
				CLANG_WARN_SUSPICIOUS_MOVE = YES;
				CLANG_WARN_UNGUARDED_AVAILABILITY = YES_AGGRESSIVE;
				CLANG_WARN_UNREACHABLE_CODE = YES;
				CLANG_WARN__DUPLICATE_METHOD_MATCH = YES;
				COPY_PHASE_STRIP = NO;
				DEBUG_INFORMATION_FORMAT = "dwarf-with-dsym";
				ENABLE_NS_ASSERTIONS = NO;
				ENABLE_STRICT_OBJC_MSGSEND = YES;
				ENABLE_USER_SCRIPT_SANDBOXING = YES;
				GCC_C_LANGUAGE_STANDARD = gnu17;
				GCC_NO_COMMON_BLOCKS = YES;
				GCC_WARN_64_TO_32_BIT_CONVERSION = YES;
				GCC_WARN_ABOUT_RETURN_TYPE = YES_ERROR;
				GCC_WARN_UNDECLARED_SELECTOR = YES;
				GCC_WARN_UNINITIALIZED_AUTOS = YES_AGGRESSIVE;
				GCC_WARN_UNUSED_FUNCTION = YES;
				GCC_WARN_UNUSED_VARIABLE = YES;
				IPHONEOS_DEPLOYMENT_TARGET = 26.2;
				LOCALIZATION_PREFERS_STRING_CATALOGS = YES;
				MTL_ENABLE_DEBUG_INFO = NO;
				MTL_FAST_MATH = YES;
				SDKROOT = iphoneos;
				SWIFT_COMPILATION_MODE = wholemodule;
				VALIDATE_PRODUCT = YES;
			};
			name = Release;
		};
/* End XCBuildConfiguration section */

/* Begin XCConfigurationList section */
		B53939DC2F91A127002214DA /* Build configuration list for PBXProject "HealthyGO" */ = {
			isa = XCConfigurationList;
			buildConfigurations = (
				B53939F72F91A128002214DA /* Debug */,
				B53939F82F91A128002214DA /* Release */,
			);
			defaultConfigurationIsVisible = 0;
			defaultConfigurationName = Release;
		};
		B53939F42F91A128002214DA /* Build configuration list for PBXNativeTarget "HealthyGO" */ = {
			isa = XCConfigurationList;
			buildConfigurations = (
				B53939F52F91A128002214DA /* Debug */,
				B53939F62F91A128002214DA /* Release */,
			);
			defaultConfigurationIsVisible = 0;
			defaultConfigurationName = Release;
		};
/* End XCConfigurationList section */

/* Begin XCVersionGroup section */
		B53939FD2F91A2BC002214DA /* Healthy.xcdatamodeld */ = {
			isa = XCVersionGroup;
			children = (
				B53939FE2F91A2BC002214DA /* Healthy.xcdatamodel */,
			);
			currentVersion = B53939FE2F91A2BC002214DA /* Healthy.xcdatamodel */;
			path = Healthy.xcdatamodeld;
			sourceTree = "<group>";
			versionGroupType = wrapper.xcdatamodel;
		};
/* End XCVersionGroup section */
	};
	rootObject = B53939D92F91A127002214DA /* Project object */;
}
